
Microsoft Visual Studio Solution File, Format Version 12.00
# Visual Studio Version 16
VisualStudioVersion = 16.0.32106.194
MinimumVisualStudioVersion = 10.0.40219.1
Project("{FAE04EC0-301F-11D3-BF4B-00C04F79EFBC}") = "MethodsWithLoopsAndConditionals", "MethodsWithLoopsAndConditionals\MethodsWithLoopsAndConditionals.csproj", "{1ED9D83E-0212-4046-95A7-FFF114D3F358}"
EndProject
Global
	GlobalSection(SolutionConfigurationPlatforms) = preSolution
		Debug|Any CPU = Debug|Any CPU
		Release|Any CPU = Release|Any CPU
	EndGlobalSection
	GlobalSection(ProjectConfigurationPlatforms) = postSolution
		{1ED9D83E-0212-4046-95A7-FFF114D3F358}.Debug|Any CPU.ActiveCfg = Debug|Any CPU
		{1ED9D83E-0212-4046-95A7-FFF114D3F358}.Debug|Any CPU.Build.0 = Debug|Any CPU
		{1ED9D83E-0212-4046-95A7-FFF114D3F358}.Release|Any CPU.ActiveCfg = Release|Any CPU
		{1ED9D83E-0212-4046-95A7-FFF114D3F358}.Release|Any CPU.Build.0 = Release|Any CPU
	EndGlobalSection
	GlobalSection(SolutionProperties) = preSolution
		HideSolutionNode = FALSE
	EndGlobalSection
	GlobalSection(ExtensibilityGlobals) = postSolution
		SolutionGuid = {A09D80C1-F3E4-4BE7-A1BF-E0B623B39D6E}
	EndGlobalSection
EndGlobal
